// !$*UTF8*$!
{
	archiveVersion = 1;
	classes = {
	};
	objectVersion = 56;
	objects = {

/* Begin PBXBuildFile section */
		A1000001000000000000001 /* LinerNotesClientApp.swift in Sources */ = {isa = PBXBuildFile; fileRef = A1000002000000000000001 /* LinerNotesClientApp.swift */; };
		A1000003000000000000001 /* ContentView.swift in Sources */ = {isa = PBXBuildFile; fileRef = A1000004000000000000001 /* ContentView.swift */; };
		A1000005000000000000001 /* Assets.xcassets in Resources */ = {isa = PBXBuildFile; fileRef = A1000006000000000000001 /* Assets.xcassets */; };
		A1000007000000000000001 /* ChainLink.swift in Sources */ = {isa = PBXBuildFile; fileRef = A1000008000000000000001 /* ChainLink.swift */; };
		A2000001000000000000001 /* LinerNotesAdminApp.swift in Sources */ = {isa = PBXBuildFile; fileRef = A2000002000000000000001 /* LinerNotesAdminApp.swift */; };
		A2000003000000000000001 /* AdminContentView.swift in Sources */ = {isa = PBXBuildFile; fileRef = A2000004000000000000001 /* AdminContentView.swift */; };
		A2000005000000000000001 /* Assets.xcassets in Resources */ = {isa = PBXBuildFile; fileRef = A2000006000000000000001 /* Assets.xcassets */; };
		A2000007000000000000001 /* ChainLink.swift in Sources */ = {isa = PBXBuildFile; fileRef = A1000008000000000000001 /* ChainLink.swift */; };
		B79C2A312F214B52001AE71D /* TreasureHunt.swift in Sources */ = {isa = PBXBuildFile; fileRef = B79C2A302F214B52001AE71D /* TreasureHunt.swift */; };
		B79C2A322F214B52001AE71D /* MusicKitModels.swift in Sources */ = {isa = PBXBuildFile; fileRef = B79C2A2F2F214B52001AE71D /* MusicKitModels.swift */; };
		B79C2A332F214B52001AE71D /* TreasureHunt.swift in Sources */ = {isa = PBXBuildFile; fileRef = B79C2A302F214B52001AE71D /* TreasureHunt.swift */; };
		B79C2A342F214B52001AE71D /* MusicKitModels.swift in Sources */ = {isa = PBXBuildFile; fileRef = B79C2A2F2F214B52001AE71D /* MusicKitModels.swift */; };
		B79C2A372F214BC7001AE71D /* GameState.swift in Sources */ = {isa = PBXBuildFile; fileRef = B79C2A352F214BC7001AE71D /* GameState.swift */; };
		B79C2A3A2F214BEC001AE71D /* MusicKitPlayerService.swift in Sources */ = {isa = PBXBuildFile; fileRef = B79C2A382F214BEC001AE71D /* MusicKitPlayerService.swift */; };
		B79C2A402F214D24001AE71D /* GameViewModel.swift in Sources */ = {isa = PBXBuildFile; fileRef = B79C2A3E2F214D24001AE71D /* GameViewModel.swift */; };
		B79C2A462F214D38001AE71D /* GameView.swift in Sources */ = {isa = PBXBuildFile; fileRef = B79C2A442F214D38001AE71D /* GameView.swift */; };
		B79C2A472F214D38001AE71D /* GameProgressView.swift in Sources */ = {isa = PBXBuildFile; fileRef = B79C2A432F214D38001AE71D /* GameProgressView.swift */; };
		B79C2A482F214D38001AE71D /* ClueCardView.swift in Sources */ = {isa = PBXBuildFile; fileRef = B79C2A422F214D38001AE71D /* ClueCardView.swift */; };
		B79C2A492F214D38001AE71D /* AnswerInputView.swift in Sources */ = {isa = PBXBuildFile; fileRef = B79C2A412F214D38001AE71D /* AnswerInputView.swift */; };
		B79C2A4E2F215048001AE71D /* FuzzyMatcher.swift in Sources */ = {isa = PBXBuildFile; fileRef = B79C2A4D2F215048001AE71D /* FuzzyMatcher.swift */; };
		B79C2A522F2321DC001AE71D /* MusicKitService.swift in Sources */ = {isa = PBXBuildFile; fileRef = B79C2A502F2321DC001AE71D /* MusicKitService.swift */; };
		B79C2A532F2321DC001AE71D /* FileManager+TreasureHunt.swift in Sources */ = {isa = PBXBuildFile; fileRef = B79C2A4F2F2321DC001AE71D /* FileManager+TreasureHunt.swift */; };
		B79C2A572F2321EC001AE71D /* TreasureHuntViewModel.swift in Sources */ = {isa = PBXBuildFile; fileRef = B79C2A552F2321EC001AE71D /* TreasureHuntViewModel.swift */; };
		B79C2A582F2321EC001AE71D /* MusicSearchViewModel.swift in Sources */ = {isa = PBXBuildFile; fileRef = B79C2A542F2321EC001AE71D /* MusicSearchViewModel.swift */; };
		B79C2A5F2F2321FA001AE71D /* TreasureHuntEditorView.swift in Sources */ = {isa = PBXBuildFile; fileRef = B79C2A5D2F2321FA001AE71D /* TreasureHuntEditorView.swift */; };
		B79C2A602F2321FA001AE71D /* PreviewSheet.swift in Sources */ = {isa = PBXBuildFile; fileRef = B79C2A5C2F2321FA001AE71D /* PreviewSheet.swift */; };
		B79C2A612F2321FA001AE71D /* ChainLinkEditorView.swift in Sources */ = {isa = PBXBuildFile; fileRef = B79C2A592F2321FA001AE71D /* ChainLinkEditorView.swift */; };
		B79C2A622F2321FA001AE71D /* ChainLinkListItemView.swift in Sources */ = {isa = PBXBuildFile; fileRef = B79C2A5A2F2321FA001AE71D /* ChainLinkListItemView.swift */; };
		B79C2A632F2321FA001AE71D /* MusicSearchSheet.swift in Sources */ = {isa = PBXBuildFile; fileRef = B79C2A5B2F2321FA001AE71D /* MusicSearchSheet.swift */; };
		B79C2A652F2E6686001AE71D /* HintLevel.swift in Sources */ = {isa = PBXBuildFile; fileRef = B79C2A642F2E6686001AE71D /* HintLevel.swift */; };
		B79C2A682F2E66AB001AE71D /* HintButton.swift in Sources */ = {isa = PBXBuildFile; fileRef = B79C2A662F2E66AB001AE71D /* HintButton.swift */; };
		B79C2A692F2E66AB001AE71D /* HintDisplayView.swift in Sources */ = {isa = PBXBuildFile; fileRef = B79C2A672F2E66AB001AE71D /* HintDisplayView.swift */; };
		B79C2A6A2F2E7001001AE71D /* PlaylistRowView.swift in Sources */ = {isa = PBXBuildFile; fileRef = B79C2A6B2F2E7001001AE71D /* PlaylistRowView.swift */; };
		B79C2A6B2F2F9E9F001AE71D /* NowPlayingBar.swift in Sources */ = {isa = PBXBuildFile; fileRef = B79C2A6A2F2F9E9F001AE71D /* NowPlayingBar.swift */; };
		B79C2A6C2F2E7001001AE71D /* PlaylistTableEditorView.swift in Sources */ = {isa = PBXBuildFile; fileRef = B79C2A6D2F2E7001001AE71D /* PlaylistTableEditorView.swift */; };
		B79C2A6E2F2F9EAF001AE71D /* SavedProgress.swift in Sources */ = {isa = PBXBuildFile; fileRef = B79C2A6F2F2F9EAF001AE71D /* SavedProgress.swift */; };
		B79C2A702F2F9EB0001AE71D /* PlaylistService.swift in Sources */ = {isa = PBXBuildFile; fileRef = B79C2A712F2F9EB0001AE71D /* PlaylistService.swift */; };
/* End PBXBuildFile section */

/* Begin PBXFileReference section */
		A1000000000000000000001 /* LinerNotesClient.app */ = {isa = PBXFileReference; explicitFileType = wrapper.application; includeInIndex = 0; path = LinerNotesClient.app; sourceTree = BUILT_PRODUCTS_DIR; };
		A1000002000000000000001 /* LinerNotesClientApp.swift */ = {isa = PBXFileReference; lastKnownFileType = sourcecode.swift; path = LinerNotesClientApp.swift; sourceTree = "<group>"; };
		A1000004000000000000001 /* ContentView.swift */ = {isa = PBXFileReference; lastKnownFileType = sourcecode.swift; path = ContentView.swift; sourceTree = "<group>"; };
		A1000006000000000000001 /* Assets.xcassets */ = {isa = PBXFileReference; lastKnownFileType = folder.assetcatalog; path = Assets.xcassets; sourceTree = "<group>"; };
		A1000008000000000000001 /* ChainLink.swift */ = {isa = PBXFileReference; lastKnownFileType = sourcecode.swift; path = ChainLink.swift; sourceTree = "<group>"; };
		A2000000000000000000001 /* LinerNotesAdmin.app */ = {isa = PBXFileReference; explicitFileType = wrapper.application; includeInIndex = 0; path = LinerNotesAdmin.app; sourceTree = BUILT_PRODUCTS_DIR; };
		A2000002000000000000001 /* LinerNotesAdminApp.swift */ = {isa = PBXFileReference; lastKnownFileType = sourcecode.swift; path = LinerNotesAdminApp.swift; sourceTree = "<group>"; };
		A2000004000000000000001 /* AdminContentView.swift */ = {isa = PBXFileReference; lastKnownFileType = sourcecode.swift; path = AdminContentView.swift; sourceTree = "<group>"; };
		A2000006000000000000001 /* Assets.xcassets */ = {isa = PBXFileReference; lastKnownFileType = folder.assetcatalog; path = Assets.xcassets; sourceTree = "<group>"; };
		B79C2A2F2F214B52001AE71D /* MusicKitModels.swift */ = {isa = PBXFileReference; lastKnownFileType = sourcecode.swift; path = MusicKitModels.swift; sourceTree = "<group>"; };
		B79C2A302F214B52001AE71D /* TreasureHunt.swift */ = {isa = PBXFileReference; lastKnownFileType = sourcecode.swift; path = TreasureHunt.swift; sourceTree = "<group>"; };
		B79C2A352F214BC7001AE71D /* GameState.swift */ = {isa = PBXFileReference; lastKnownFileType = sourcecode.swift; path = GameState.swift; sourceTree = "<group>"; };
		B79C2A382F214BEC001AE71D /* MusicKitPlayerService.swift */ = {isa = PBXFileReference; lastKnownFileType = sourcecode.swift; path = MusicKitPlayerService.swift; sourceTree = "<group>"; };
		B79C2A3E2F214D24001AE71D /* GameViewModel.swift */ = {isa = PBXFileReference; lastKnownFileType = sourcecode.swift; path = GameViewModel.swift; sourceTree = "<group>"; };
		B79C2A412F214D38001AE71D /* AnswerInputView.swift */ = {isa = PBXFileReference; lastKnownFileType = sourcecode.swift; path = AnswerInputView.swift; sourceTree = "<group>"; };
		B79C2A422F214D38001AE71D /* ClueCardView.swift */ = {isa = PBXFileReference; lastKnownFileType = sourcecode.swift; path = ClueCardView.swift; sourceTree = "<group>"; };
		B79C2A432F214D38001AE71D /* GameProgressView.swift */ = {isa = PBXFileReference; lastKnownFileType = sourcecode.swift; path = GameProgressView.swift; sourceTree = "<group>"; };
		B79C2A442F214D38001AE71D /* GameView.swift */ = {isa = PBXFileReference; lastKnownFileType = sourcecode.swift; path = GameView.swift; sourceTree = "<group>"; };
		B79C2A4D2F215048001AE71D /* FuzzyMatcher.swift */ = {isa = PBXFileReference; lastKnownFileType = sourcecode.swift; path = FuzzyMatcher.swift; sourceTree = "<group>"; };
		B79C2A4F2F2321DC001AE71D /* FileManager+TreasureHunt.swift */ = {isa = PBXFileReference; lastKnownFileType = sourcecode.swift; path = "FileManager+TreasureHunt.swift"; sourceTree = "<group>"; };
		B79C2A502F2321DC001AE71D /* MusicKitService.swift */ = {isa = PBXFileReference; lastKnownFileType = sourcecode.swift; path = MusicKitService.swift; sourceTree = "<group>"; };
		B79C2A542F2321EC001AE71D /* MusicSearchViewModel.swift */ = {isa = PBXFileReference; lastKnownFileType = sourcecode.swift; path = MusicSearchViewModel.swift; sourceTree = "<group>"; };
		B79C2A552F2321EC001AE71D /* TreasureHuntViewModel.swift */ = {isa = PBXFileReference; lastKnownFileType = sourcecode.swift; path = TreasureHuntViewModel.swift; sourceTree = "<group>"; };
		B79C2A592F2321FA001AE71D /* ChainLinkEditorView.swift */ = {isa = PBXFileReference; lastKnownFileType = sourcecode.swift; path = ChainLinkEditorView.swift; sourceTree = "<group>"; };
		B79C2A5A2F2321FA001AE71D /* ChainLinkListItemView.swift */ = {isa = PBXFileReference; lastKnownFileType = sourcecode.swift; path = ChainLinkListItemView.swift; sourceTree = "<group>"; };
		B79C2A5B2F2321FA001AE71D /* MusicSearchSheet.swift */ = {isa = PBXFileReference; lastKnownFileType = sourcecode.swift; path = MusicSearchSheet.swift; sourceTree = "<group>"; };
		B79C2A5C2F2321FA001AE71D /* PreviewSheet.swift */ = {isa = PBXFileReference; lastKnownFileType = sourcecode.swift; path = PreviewSheet.swift; sourceTree = "<group>"; };
		B79C2A5D2F2321FA001AE71D /* TreasureHuntEditorView.swift */ = {isa = PBXFileReference; lastKnownFileType = sourcecode.swift; path = TreasureHuntEditorView.swift; sourceTree = "<group>"; };
		B79C2A642F2E6686001AE71D /* HintLevel.swift */ = {isa = PBXFileReference; lastKnownFileType = sourcecode.swift; path = HintLevel.swift; sourceTree = "<group>"; };
		B79C2A662F2E66AB001AE71D /* HintButton.swift */ = {isa = PBXFileReference; lastKnownFileType = sourcecode.swift; path = HintButton.swift; sourceTree = "<group>"; };
		B79C2A672F2E66AB001AE71D /* HintDisplayView.swift */ = {isa = PBXFileReference; lastKnownFileType = sourcecode.swift; path = HintDisplayView.swift; sourceTree = "<group>"; };
		B79C2A6A2F2F9E9F001AE71D /* NowPlayingBar.swift */ = {isa = PBXFileReference; lastKnownFileType = sourcecode.swift; path = NowPlayingBar.swift; sourceTree = "<group>"; };
		B79C2A6B2F2E7001001AE71D /* PlaylistRowView.swift */ = {isa = PBXFileReference; lastKnownFileType = sourcecode.swift; path = PlaylistRowView.swift; sourceTree = "<group>"; };
		B79C2A6D2F2E7001001AE71D /* PlaylistTableEditorView.swift */ = {isa = PBXFileReference; lastKnownFileType = sourcecode.swift; path = PlaylistTableEditorView.swift; sourceTree = "<group>"; };
		B79C2A6F2F2F9EAF001AE71D /* SavedProgress.swift */ = {isa = PBXFileReference; lastKnownFileType = sourcecode.swift; path = SavedProgress.swift; sourceTree = "<group>"; };
		B79C2A712F2F9EB0001AE71D /* PlaylistService.swift */ = {isa = PBXFileReference; lastKnownFileType = sourcecode.swift; path = PlaylistService.swift; sourceTree = "<group>"; };
/* End PBXFileReference section */

/* Begin PBXFrameworksBuildPhase section */
		A1100000000000000000001 /* Frameworks */ = {
			isa = PBXFrameworksBuildPhase;
			buildActionMask = 2147483647;
			files = (
			);
			runOnlyForDeploymentPostprocessing = 0;
		};
		A2100000000000000000001 /* Frameworks */ = {
			isa = PBXFrameworksBuildPhase;
			buildActionMask = 2147483647;
			files = (
			);
			runOnlyForDeploymentPostprocessing = 0;
		};
/* End PBXFrameworksBuildPhase section */

/* Begin PBXGroup section */
		A0000000000000000000001 = {
			isa = PBXGroup;
			children = (
				A0000001000000000000001 /* LinerNotesClient */,
				A0000002000000000000001 /* LinerNotesAdmin */,
				A0000003000000000000001 /* Core */,
				A0000004000000000000001 /* Products */,
			);
			sourceTree = "<group>";
		};
		A0000001000000000000001 /* LinerNotesClient */ = {
			isa = PBXGroup;
			children = (
				B79C2A4D2F215048001AE71D /* FuzzyMatcher.swift */,
				B79C2A4B2F214FD8001AE71D /* Utilities */,
				B79C2A452F214D38001AE71D /* Views */,
				B79C2A3F2F214D24001AE71D /* ViewModels */,
				B79C2A392F214BEC001AE71D /* Services */,
				B79C2A362F214BC7001AE71D /* Models */,
				A1000002000000000000001 /* LinerNotesClientApp.swift */,
				A1000004000000000000001 /* ContentView.swift */,
				A1000006000000000000001 /* Assets.xcassets */,
			);
			path = LinerNotesClient;
			sourceTree = "<group>";
		};
		A0000002000000000000001 /* LinerNotesAdmin */ = {
			isa = PBXGroup;
			children = (
				B79C2A5E2F2321FA001AE71D /* Views */,
				B79C2A562F2321EC001AE71D /* ViewModels */,
				B79C2A512F2321DC001AE71D /* Utilities */,
				A2000002000000000000001 /* LinerNotesAdminApp.swift */,
				A2000004000000000000001 /* AdminContentView.swift */,
				A2000006000000000000001 /* Assets.xcassets */,
			);
			path = LinerNotesAdmin;
			sourceTree = "<group>";
		};
		A0000003000000000000001 /* Core */ = {
			isa = PBXGroup;
			children = (
				B79C2A2F2F214B52001AE71D /* MusicKitModels.swift */,
				B79C2A302F214B52001AE71D /* TreasureHunt.swift */,
				A1000008000000000000001 /* ChainLink.swift */,
			);
			path = Core;
			sourceTree = "<group>";
		};
		A0000004000000000000001 /* Products */ = {
			isa = PBXGroup;
			children = (
				A1000000000000000000001 /* LinerNotesClient.app */,
				A2000000000000000000001 /* LinerNotesAdmin.app */,
			);
			name = Products;
			sourceTree = "<group>";
		};
		B79C2A362F214BC7001AE71D /* Models */ = {
			isa = PBXGroup;
			children = (
				B79C2A642F2E6686001AE71D /* HintLevel.swift */,
				B79C2A352F214BC7001AE71D /* GameState.swift */,
				B79C2A6F2F2F9EAF001AE71D /* SavedProgress.swift */,
			);
			path = Models;
			sourceTree = "<group>";
		};
		B79C2A392F214BEC001AE71D /* Services */ = {
			isa = PBXGroup;
			children = (
				B79C2A382F214BEC001AE71D /* MusicKitPlayerService.swift */,
				B79C2A712F2F9EB0001AE71D /* PlaylistService.swift */,
			);
			path = Services;
			sourceTree = "<group>";
		};
		B79C2A3F2F214D24001AE71D /* ViewModels */ = {
			isa = PBXGroup;
			children = (
				B79C2A3E2F214D24001AE71D /* GameViewModel.swift */,
			);
			path = ViewModels;
			sourceTree = "<group>";
		};
		B79C2A452F214D38001AE71D /* Views */ = {
			isa = PBXGroup;
			children = (
				B79C2A6A2F2F9E9F001AE71D /* NowPlayingBar.swift */,
				B79C2A662F2E66AB001AE71D /* HintButton.swift */,
				B79C2A672F2E66AB001AE71D /* HintDisplayView.swift */,
				B79C2A412F214D38001AE71D /* AnswerInputView.swift */,
				B79C2A422F214D38001AE71D /* ClueCardView.swift */,
				B79C2A432F214D38001AE71D /* GameProgressView.swift */,
				B79C2A442F214D38001AE71D /* GameView.swift */,
			);
			path = Views;
			sourceTree = "<group>";
		};
		B79C2A4B2F214FD8001AE71D /* Utilities */ = {
			isa = PBXGroup;
			children = (
			);
			path = Utilities;
			sourceTree = "<group>";
		};
		B79C2A512F2321DC001AE71D /* Utilities */ = {
			isa = PBXGroup;
			children = (
				B79C2A4F2F2321DC001AE71D /* FileManager+TreasureHunt.swift */,
				B79C2A502F2321DC001AE71D /* MusicKitService.swift */,
			);
			path = Utilities;
			sourceTree = "<group>";
		};
		B79C2A562F2321EC001AE71D /* ViewModels */ = {
			isa = PBXGroup;
			children = (
				B79C2A542F2321EC001AE71D /* MusicSearchViewModel.swift */,
				B79C2A552F2321EC001AE71D /* TreasureHuntViewModel.swift */,
			);
			path = ViewModels;
			sourceTree = "<group>";
		};
		B79C2A5E2F2321FA001AE71D /* Views */ = {
			isa = PBXGroup;
			children = (
				B79C2A592F2321FA001AE71D /* ChainLinkEditorView.swift */,
				B79C2A5A2F2321FA001AE71D /* ChainLinkListItemView.swift */,
				B79C2A5B2F2321FA001AE71D /* MusicSearchSheet.swift */,
				B79C2A6B2F2E7001001AE71D /* PlaylistRowView.swift */,
				B79C2A6D2F2E7001001AE71D /* PlaylistTableEditorView.swift */,
				B79C2A5C2F2321FA001AE71D /* PreviewSheet.swift */,
				B79C2A5D2F2321FA001AE71D /* TreasureHuntEditorView.swift */,
			);
			path = Views;
			sourceTree = "<group>";
		};
/* End PBXGroup section */

/* Begin PBXNativeTarget section */
		A1200000000000000000001 /* LinerNotesClient */ = {
			isa = PBXNativeTarget;
			buildConfigurationList = A1300000000000000000001 /* Build configuration list for PBXNativeTarget "LinerNotesClient" */;
			buildPhases = (
				A1400000000000000000001 /* Sources */,
				A1100000000000000000001 /* Frameworks */,
				A1500000000000000000001 /* Resources */,
			);
			buildRules = (
			);
			dependencies = (
			);
			name = LinerNotesClient;
			productName = LinerNotesClient;
			productReference = A1000000000000000000001 /* LinerNotesClient.app */;
			productType = "com.apple.product-type.application";
		};
		A2200000000000000000001 /* LinerNotesAdmin */ = {
			isa = PBXNativeTarget;
			buildConfigurationList = A2300000000000000000001 /* Build configuration list for PBXNativeTarget "LinerNotesAdmin" */;
			buildPhases = (
				A2400000000000000000001 /* Sources */,
				A2100000000000000000001 /* Frameworks */,
				A2500000000000000000001 /* Resources */,
			);
			buildRules = (
			);
			dependencies = (
			);
			name = LinerNotesAdmin;
			productName = LinerNotesAdmin;
			productReference = A2000000000000000000001 /* LinerNotesAdmin.app */;
			productType = "com.apple.product-type.application";
		};
/* End PBXNativeTarget section */

/* Begin PBXProject section */
		A0000005000000000000001 /* Project object */ = {
			isa = PBXProject;
			attributes = {
				BuildIndependentTargetsInParallel = 1;
				LastSwiftUpdateCheck = 1520;
				LastUpgradeCheck = 2620;
				TargetAttributes = {
					A1200000000000000000001 = {
						CreatedOnToolsVersion = 15.2;
					};
					A2200000000000000000001 = {
						CreatedOnToolsVersion = 15.2;
					};
				};
			};
			buildConfigurationList = A0000006000000000000001 /* Build configuration list for PBXProject "LinerNotes" */;
			compatibilityVersion = "Xcode 14.0";
			developmentRegion = en;
			hasScannedForEncodings = 0;
			knownRegions = (
				en,
				Base,
			);
			mainGroup = A0000000000000000000001;
			productRefGroup = A0000004000000000000001 /* Products */;
			projectDirPath = "";
			projectRoot = "";
			targets = (
				A1200000000000000000001 /* LinerNotesClient */,
				A2200000000000000000001 /* LinerNotesAdmin */,
			);
		};
/* End PBXProject section */

/* Begin PBXResourcesBuildPhase section */
		A1500000000000000000001 /* Resources */ = {
			isa = PBXResourcesBuildPhase;
			buildActionMask = 2147483647;
			files = (
				A1000005000000000000001 /* Assets.xcassets in Resources */,
			);
			runOnlyForDeploymentPostprocessing = 0;
		};
		A2500000000000000000001 /* Resources */ = {
			isa = PBXResourcesBuildPhase;
			buildActionMask = 2147483647;
			files = (
				A2000005000000000000001 /* Assets.xcassets in Resources */,
			);
			runOnlyForDeploymentPostprocessing = 0;
		};
/* End PBXResourcesBuildPhase section */

/* Begin PBXSourcesBuildPhase section */
		A1400000000000000000001 /* Sources */ = {
			isa = PBXSourcesBuildPhase;
			buildActionMask = 2147483647;
			files = (
				A1000003000000000000001 /* ContentView.swift in Sources */,
				B79C2A652F2E6686001AE71D /* HintLevel.swift in Sources */,
				A1000007000000000000001 /* ChainLink.swift in Sources */,
				A1000001000000000000001 /* LinerNotesClientApp.swift in Sources */,
				B79C2A462F214D38001AE71D /* GameView.swift in Sources */,
				B79C2A472F214D38001AE71D /* GameProgressView.swift in Sources */,
				B79C2A4E2F215048001AE71D /* FuzzyMatcher.swift in Sources */,
				B79C2A482F214D38001AE71D /* ClueCardView.swift in Sources */,
				B79C2A492F214D38001AE71D /* AnswerInputView.swift in Sources */,
				B79C2A372F214BC7001AE71D /* GameState.swift in Sources */,
				B79C2A402F214D24001AE71D /* GameViewModel.swift in Sources */,
				B79C2A3A2F214BEC001AE71D /* MusicKitPlayerService.swift in Sources */,
				B79C2A6B2F2F9E9F001AE71D /* NowPlayingBar.swift in Sources */,
				B79C2A682F2E66AB001AE71D /* HintButton.swift in Sources */,
				B79C2A692F2E66AB001AE71D /* HintDisplayView.swift in Sources */,
				B79C2A332F214B52001AE71D /* TreasureHunt.swift in Sources */,
				B79C2A342F214B52001AE71D /* MusicKitModels.swift in Sources */,
				B79C2A6E2F2F9EAF001AE71D /* SavedProgress.swift in Sources */,
				B79C2A702F2F9EB0001AE71D /* PlaylistService.swift in Sources */,
			);
			runOnlyForDeploymentPostprocessing = 0;
		};
		A2400000000000000000001 /* Sources */ = {
			isa = PBXSourcesBuildPhase;
			buildActionMask = 2147483647;
			files = (
				B79C2A5F2F2321FA001AE71D /* TreasureHuntEditorView.swift in Sources */,
				B79C2A602F2321FA001AE71D /* PreviewSheet.swift in Sources */,
				B79C2A612F2321FA001AE71D /* ChainLinkEditorView.swift in Sources */,
				B79C2A622F2321FA001AE71D /* ChainLinkListItemView.swift in Sources */,
				B79C2A632F2321FA001AE71D /* MusicSearchSheet.swift in Sources */,
				B79C2A6A2F2E7001001AE71D /* PlaylistRowView.swift in Sources */,
				B79C2A6C2F2E7001001AE71D /* PlaylistTableEditorView.swift in Sources */,
				A2000003000000000000001 /* AdminContentView.swift in Sources */,
				A2000007000000000000001 /* ChainLink.swift in Sources */,
				A2000001000000000000001 /* LinerNotesAdminApp.swift in Sources */,
				B79C2A312F214B52001AE71D /* TreasureHunt.swift in Sources */,
				B79C2A572F2321EC001AE71D /* TreasureHuntViewModel.swift in Sources */,
				B79C2A582F2321EC001AE71D /* MusicSearchViewModel.swift in Sources */,
				B79C2A322F214B52001AE71D /* MusicKitModels.swift in Sources */,
				B79C2A522F2321DC001AE71D /* MusicKitService.swift in Sources */,
				B79C2A532F2321DC001AE71D /* FileManager+TreasureHunt.swift in Sources */,
			);
			runOnlyForDeploymentPostprocessing = 0;
		};
/* End PBXSourcesBuildPhase section */

/* Begin XCBuildConfiguration section */
		A0000007000000000000001 /* Debug */ = {
			isa = XCBuildConfiguration;
			buildSettings = {
				ALWAYS_SEARCH_USER_PATHS = NO;
				ASSETCATALOG_COMPILER_GENERATE_SWIFT_ASSET_SYMBOL_EXTENSIONS = YES;
				CLANG_ANALYZER_NONNULL = YES;
				CLANG_ANALYZER_NUMBER_OBJECT_CONVERSION = YES_AGGRESSIVE;
				CLANG_CXX_LANGUAGE_STANDARD = "gnu++20";
				CLANG_ENABLE_MODULES = YES;
				CLANG_ENABLE_OBJC_ARC = YES;
				CLANG_ENABLE_OBJC_WEAK = YES;
				CLANG_WARN_BLOCK_CAPTURE_AUTORELEASING = YES;
				CLANG_WARN_BOOL_CONVERSION = YES;
				CLANG_WARN_COMMA = YES;
				CLANG_WARN_CONSTANT_CONVERSION = YES;
				CLANG_WARN_DEPRECATED_OBJC_IMPLEMENTATIONS = YES;
				CLANG_WARN_DIRECT_OBJC_ISA_USAGE = YES_ERROR;
				CLANG_WARN_DOCUMENTATION_COMMENTS = YES;
				CLANG_WARN_EMPTY_BODY = YES;
				CLANG_WARN_ENUM_CONVERSION = YES;
				CLANG_WARN_INFINITE_RECURSION = YES;
				CLANG_WARN_INT_CONVERSION = YES;
				CLANG_WARN_NON_LITERAL_NULL_CONVERSION = YES;
				CLANG_WARN_OBJC_IMPLICIT_RETAIN_SELF = YES;
				CLANG_WARN_OBJC_LITERAL_CONVERSION = YES;
				CLANG_WARN_OBJC_ROOT_CLASS = YES_ERROR;
				CLANG_WARN_QUOTED_INCLUDE_IN_FRAMEWORK_HEADER = YES;
				CLANG_WARN_RANGE_LOOP_ANALYSIS = YES;
				CLANG_WARN_STRICT_PROTOTYPES = YES;
				CLANG_WARN_SUSPICIOUS_MOVE = YES;
				CLANG_WARN_UNGUARDED_AVAILABILITY = YES_AGGRESSIVE;
				CLANG_WARN_UNREACHABLE_CODE = YES;
				CLANG_WARN__DUPLICATE_METHOD_MATCH = YES;
				COPY_PHASE_STRIP = NO;
				DEAD_CODE_STRIPPING = YES;
				DEBUG_INFORMATION_FORMAT = dwarf;
				ENABLE_STRICT_OBJC_MSGSEND = YES;
				ENABLE_TESTABILITY = YES;
				ENABLE_USER_SCRIPT_SANDBOXING = YES;
				GCC_C_LANGUAGE_STANDARD = gnu17;
				GCC_DYNAMIC_NO_PIC = NO;
				GCC_NO_COMMON_BLOCKS = YES;
				GCC_OPTIMIZATION_LEVEL = 0;
				GCC_PREPROCESSOR_DEFINITIONS = (
					"DEBUG=1",
					"$(inherited)",
				);
				GCC_WARN_64_TO_32_BIT_CONVERSION = YES;
				GCC_WARN_ABOUT_RETURN_TYPE = YES_ERROR;
				GCC_WARN_UNDECLARED_SELECTOR = YES;
				GCC_WARN_UNINITIALIZED_AUTOS = YES_AGGRESSIVE;
				GCC_WARN_UNUSED_FUNCTION = YES;
				GCC_WARN_UNUSED_VARIABLE = YES;
				LOCALIZATION_PREFERS_STRING_CATALOGS = YES;
				MTL_ENABLE_DEBUG_INFO = INCLUDE_SOURCE;
				MTL_FAST_MATH = YES;
				ONLY_ACTIVE_ARCH = YES;
				STRING_CATALOG_GENERATE_SYMBOLS = YES;
				SWIFT_ACTIVE_COMPILATION_CONDITIONS = "DEBUG $(inherited)";
				SWIFT_OPTIMIZATION_LEVEL = "-Onone";
			};
			name = Debug;
		};
		A0000008000000000000001 /* Release */ = {
			isa = XCBuildConfiguration;
			buildSettings = {
				ALWAYS_SEARCH_USER_PATHS = NO;
				ASSETCATALOG_COMPILER_GENERATE_SWIFT_ASSET_SYMBOL_EXTENSIONS = YES;
				CLANG_ANALYZER_NONNULL = YES;
				CLANG_ANALYZER_NUMBER_OBJECT_CONVERSION = YES_AGGRESSIVE;
				CLANG_CXX_LANGUAGE_STANDARD = "gnu++20";
				CLANG_ENABLE_MODULES = YES;
				CLANG_ENABLE_OBJC_ARC = YES;
				CLANG_ENABLE_OBJC_WEAK = YES;
				CLANG_WARN_BLOCK_CAPTURE_AUTORELEASING = YES;
				CLANG_WARN_BOOL_CONVERSION = YES;
				CLANG_WARN_COMMA = YES;
				CLANG_WARN_CONSTANT_CONVERSION = YES;
				CLANG_WARN_DEPRECATED_OBJC_IMPLEMENTATIONS = YES;
				CLANG_WARN_DIRECT_OBJC_ISA_USAGE = YES_ERROR;
				CLANG_WARN_DOCUMENTATION_COMMENTS = YES;
				CLANG_WARN_EMPTY_BODY = YES;
				CLANG_WARN_ENUM_CONVERSION = YES;
				CLANG_WARN_INFINITE_RECURSION = YES;
				CLANG_WARN_INT_CONVERSION = YES;
				CLANG_WARN_NON_LITERAL_NULL_CONVERSION = YES;
				CLANG_WARN_OBJC_IMPLICIT_RETAIN_SELF = YES;
				CLANG_WARN_OBJC_LITERAL_CONVERSION = YES;
				CLANG_WARN_OBJC_ROOT_CLASS = YES_ERROR;
				CLANG_WARN_QUOTED_INCLUDE_IN_FRAMEWORK_HEADER = YES;
				CLANG_WARN_RANGE_LOOP_ANALYSIS = YES;
				CLANG_WARN_STRICT_PROTOTYPES = YES;
				CLANG_WARN_SUSPICIOUS_MOVE = YES;
				CLANG_WARN_UNGUARDED_AVAILABILITY = YES_AGGRESSIVE;
				CLANG_WARN_UNREACHABLE_CODE = YES;
				CLANG_WARN__DUPLICATE_METHOD_MATCH = YES;
				COPY_PHASE_STRIP = NO;
				DEAD_CODE_STRIPPING = YES;
				DEBUG_INFORMATION_FORMAT = "dwarf-with-dsym";
				ENABLE_NS_ASSERTIONS = NO;
				ENABLE_STRICT_OBJC_MSGSEND = YES;
				ENABLE_USER_SCRIPT_SANDBOXING = YES;
				GCC_C_LANGUAGE_STANDARD = gnu17;
				GCC_NO_COMMON_BLOCKS = YES;
				GCC_WARN_64_TO_32_BIT_CONVERSION = YES;
				GCC_WARN_ABOUT_RETURN_TYPE = YES_ERROR;
				GCC_WARN_UNDECLARED_SELECTOR = YES;
				GCC_WARN_UNINITIALIZED_AUTOS = YES_AGGRESSIVE;
				GCC_WARN_UNUSED_FUNCTION = YES;
				GCC_WARN_UNUSED_VARIABLE = YES;
				LOCALIZATION_PREFERS_STRING_CATALOGS = YES;
				MTL_ENABLE_DEBUG_INFO = NO;
				MTL_FAST_MATH = YES;
				STRING_CATALOG_GENERATE_SYMBOLS = YES;
				SWIFT_COMPILATION_MODE = wholemodule;
			};
			name = Release;
		};
		A1300001000000000000001 /* Debug */ = {
			isa = XCBuildConfiguration;
			buildSettings = {
				ASSETCATALOG_COMPILER_APPICON_NAME = AppIcon;
				ASSETCATALOG_COMPILER_GLOBAL_ACCENT_COLOR_NAME = AccentColor;
				CODE_SIGN_IDENTITY = "Apple Development";
				CODE_SIGN_STYLE = Automatic;
				CURRENT_PROJECT_VERSION = 1;
				DEVELOPMENT_ASSET_PATHS = "";
				DEVELOPMENT_TEAM = GAMJ6J6LT3;
				ENABLE_PREVIEWS = YES;
				GENERATE_INFOPLIST_FILE = YES;
				INFOPLIST_KEY_NSAppleMusicUsageDescription = "LinerNotes needs access to Apple Music to play songs as part of the musical treasure hunt experience.";
				INFOPLIST_KEY_UIApplicationSceneManifest_Generation = YES;
				INFOPLIST_KEY_UIApplicationSupportsIndirectInputEvents = YES;
				INFOPLIST_KEY_UILaunchScreen_Generation = YES;
				INFOPLIST_KEY_UISupportedInterfaceOrientations_iPad = "UIInterfaceOrientationPortrait UIInterfaceOrientationPortraitUpsideDown UIInterfaceOrientationLandscapeLeft UIInterfaceOrientationLandscapeRight";
				INFOPLIST_KEY_UISupportedInterfaceOrientations_iPhone = "UIInterfaceOrientationPortrait UIInterfaceOrientationLandscapeLeft UIInterfaceOrientationLandscapeRight";
				IPHONEOS_DEPLOYMENT_TARGET = 16.6;
				LD_RUNPATH_SEARCH_PATHS = (
					"$(inherited)",
					"@executable_path/Frameworks",
				);
				MARKETING_VERSION = 1.0;
				PRODUCT_BUNDLE_IDENTIFIER = com.linernotes;
				PRODUCT_NAME = "$(TARGET_NAME)";
				PROVISIONING_PROFILE_SPECIFIER = "";
				SDKROOT = iphoneos;
				SUPPORTED_PLATFORMS = "iphoneos iphonesimulator";
				SUPPORTS_MACCATALYST = NO;
				SUPPORTS_MAC_DESIGNED_FOR_IPHONE_IPAD = NO;
				SWIFT_EMIT_LOC_STRINGS = YES;
				SWIFT_VERSION = 5.0;
				TARGETED_DEVICE_FAMILY = "1,2";
			};
			name = Debug;
		};
		A1300002000000000000001 /* Release */ = {
			isa = XCBuildConfiguration;
			buildSettings = {
				ASSETCATALOG_COMPILER_APPICON_NAME = AppIcon;
				ASSETCATALOG_COMPILER_GLOBAL_ACCENT_COLOR_NAME = AccentColor;
				CODE_SIGN_IDENTITY = "Apple Development";
				CODE_SIGN_STYLE = Automatic;
				CURRENT_PROJECT_VERSION = 2;
				DEVELOPMENT_ASSET_PATHS = "";
				DEVELOPMENT_TEAM = GAMJ6J6LT3;
				ENABLE_PREVIEWS = YES;
				GENERATE_INFOPLIST_FILE = YES;
				INFOPLIST_KEY_NSAppleMusicUsageDescription = "LinerNotes needs access to Apple Music to play songs as part of the musical treasure hunt experience.";
				INFOPLIST_KEY_UIApplicationSceneManifest_Generation = YES;
				INFOPLIST_KEY_UIApplicationSupportsIndirectInputEvents = YES;
				INFOPLIST_KEY_UILaunchScreen_Generation = YES;
				INFOPLIST_KEY_UISupportedInterfaceOrientations_iPad = "UIInterfaceOrientationPortrait UIInterfaceOrientationPortraitUpsideDown UIInterfaceOrientationLandscapeLeft UIInterfaceOrientationLandscapeRight";
				INFOPLIST_KEY_UISupportedInterfaceOrientations_iPhone = "UIInterfaceOrientationPortrait UIInterfaceOrientationLandscapeLeft UIInterfaceOrientationLandscapeRight";
				IPHONEOS_DEPLOYMENT_TARGET = 16.6;
				LD_RUNPATH_SEARCH_PATHS = (
					"$(inherited)",
					"@executable_path/Frameworks",
				);
				MARKETING_VERSION = 1.0;
				PRODUCT_BUNDLE_IDENTIFIER = com.linernotes;
				PRODUCT_NAME = "$(TARGET_NAME)";
				PROVISIONING_PROFILE_SPECIFIER = "";
				SDKROOT = iphoneos;
				SUPPORTED_PLATFORMS = "iphoneos iphonesimulator";
				SUPPORTS_MACCATALYST = NO;
				SUPPORTS_MAC_DESIGNED_FOR_IPHONE_IPAD = NO;
				SWIFT_EMIT_LOC_STRINGS = YES;
				SWIFT_VERSION = 5.0;
				TARGETED_DEVICE_FAMILY = "1,2";
				VALIDATE_PRODUCT = YES;
			};
			name = Release;
		};
		A2300001000000000000001 /* Debug */ = {
			isa = XCBuildConfiguration;
			buildSettings = {
				ASSETCATALOG_COMPILER_APPICON_NAME = AppIcon;
				ASSETCATALOG_COMPILER_GLOBAL_ACCENT_COLOR_NAME = AccentColor;
				CODE_SIGN_ENTITLEMENTS = LinerNotesAdmin/LinerNotesAdmin.entitlements;
				CODE_SIGN_IDENTITY = "Apple Development";
				"CODE_SIGN_IDENTITY[sdk=macosx*]" = "Apple Development";
				CODE_SIGN_STYLE = Automatic;
				COMBINE_HIDPI_IMAGES = YES;
				CURRENT_PROJECT_VERSION = 2;
				DEAD_CODE_STRIPPING = YES;
				DEVELOPMENT_ASSET_PATHS = "";
				DEVELOPMENT_TEAM = GAMJ6J6LT3;
				ENABLE_HARDENED_RUNTIME = YES;
				ENABLE_PREVIEWS = YES;
				GENERATE_INFOPLIST_FILE = YES;
				INFOPLIST_KEY_CFBundleDisplayName = "Liner Notes";
				INFOPLIST_KEY_LSApplicationCategoryType = "public.app-category.trivia-games";
				INFOPLIST_KEY_NSAppleMusicUsageDescription = "LinerNotes Admin needs access to Apple Music to search for songs and add them to treasure hunts.";
				INFOPLIST_KEY_NSHumanReadableCopyright = "";
				LD_RUNPATH_SEARCH_PATHS = (
					"$(inherited)",
					"@executable_path/../Frameworks",
				);
				MACOSX_DEPLOYMENT_TARGET = 14.0;
				MARKETING_VERSION = 1;
				PRODUCT_BUNDLE_IDENTIFIER = com.linernotes.admin;
				PRODUCT_NAME = "$(TARGET_NAME)";
				PROVISIONING_PROFILE_SPECIFIER = "";
				SDKROOT = macosx;
				SWIFT_EMIT_LOC_STRINGS = YES;
				SWIFT_VERSION = 5.0;
			};
			name = Debug;
		};
		A2300002000000000000001 /* Release */ = {
			isa = XCBuildConfiguration;
			buildSettings = {
				ASSETCATALOG_COMPILER_APPICON_NAME = AppIcon;
				ASSETCATALOG_COMPILER_GLOBAL_ACCENT_COLOR_NAME = AccentColor;
				CODE_SIGN_ENTITLEMENTS = LinerNotesAdmin/LinerNotesAdmin.entitlements;
				CODE_SIGN_IDENTITY = "Apple Development";
				"CODE_SIGN_IDENTITY[sdk=macosx*]" = "Apple Development";
				CODE_SIGN_STYLE = Automatic;
				COMBINE_HIDPI_IMAGES = YES;
				CURRENT_PROJECT_VERSION = 2;
				DEAD_CODE_STRIPPING = YES;
				DEVELOPMENT_ASSET_PATHS = "";
				DEVELOPMENT_TEAM = GAMJ6J6LT3;
				ENABLE_HARDENED_RUNTIME = YES;
				ENABLE_PREVIEWS = YES;
				GENERATE_INFOPLIST_FILE = YES;
				INFOPLIST_KEY_CFBundleDisplayName = "Liner Notes";
				INFOPLIST_KEY_LSApplicationCategoryType = "public.app-category.trivia-games";
				INFOPLIST_KEY_NSAppleMusicUsageDescription = "LinerNotes Admin needs access to Apple Music to search for songs and add them to treasure hunts.";
				INFOPLIST_KEY_NSHumanReadableCopyright = "";
				LD_RUNPATH_SEARCH_PATHS = (
					"$(inherited)",
					"@executable_path/../Frameworks",
				);
				MACOSX_DEPLOYMENT_TARGET = 14.0;
				MARKETING_VERSION = 1;
				PRODUCT_BUNDLE_IDENTIFIER = com.linernotes.admin;
				PRODUCT_NAME = "$(TARGET_NAME)";
				PROVISIONING_PROFILE_SPECIFIER = "";
				SDKROOT = macosx;
				SWIFT_EMIT_LOC_STRINGS = YES;
				SWIFT_VERSION = 5.0;
			};
			name = Release;
		};
/* End XCBuildConfiguration section */

/* Begin XCConfigurationList section */
		A0000006000000000000001 /* Build configuration list for PBXProject "LinerNotes" */ = {
			isa = XCConfigurationList;
			buildConfigurations = (
				A0000007000000000000001 /* Debug */,
				A0000008000000000000001 /* Release */,
			);
			defaultConfigurationIsVisible = 0;
			defaultConfigurationName = Release;
		};
		A1300000000000000000001 /* Build configuration list for PBXNativeTarget "LinerNotesClient" */ = {
			isa = XCConfigurationList;
			buildConfigurations = (
				A1300001000000000000001 /* Debug */,
				A1300002000000000000001 /* Release */,
			);
			defaultConfigurationIsVisible = 0;
			defaultConfigurationName = Release;
		};
		A2300000000000000000001 /* Build configuration list for PBXNativeTarget "LinerNotesAdmin" */ = {
			isa = XCConfigurationList;
			buildConfigurations = (
				A2300001000000000000001 /* Debug */,
				A2300002000000000000001 /* Release */,
			);
			defaultConfigurationIsVisible = 0;
			defaultConfigurationName = Release;
		};
/* End XCConfigurationList section */
	};
	rootObject = A0000005000000000000001 /* Project object */;
}
